{
  "nodes": {
    "dotfiles": {
      "inputs": {
        "flake-utils": "flake-utils_2",
        "nixpkgs": [
          "nixpkgs"
        ]
      },
      "locked": {
        "lastModified": 1617664070,
        "narHash": "sha256-yoclSEQK1ck5/na5fmgXqsQCYOGFZp3sSMyLVrhGbOg=",
        "owner": "houstdav000",
        "repo": "dotfiles",
        "rev": "1011c67d6cca1429907640fe4afe58758e3dfdca",
        "type": "github"
      },
      "original": {
        "owner": "houstdav000",
        "repo": "dotfiles",
        "type": "github"
      }
    },
    "flake-utils": {
      "locked": {
        "lastModified": 1620759905,
        "narHash": "sha256-WiyWawrgmyN0EdmiHyG2V+fqReiVi8bM9cRdMaKQOFg=",
        "owner": "numtide",
        "repo": "flake-utils",
        "rev": "b543720b25df6ffdfcf9227afafc5b8c1fabfae8",
        "type": "github"
      },
      "original": {
        "owner": "numtide",
        "repo": "flake-utils",
        "type": "github"
      }
    },
    "flake-utils_2": {
      "locked": {
        "lastModified": 1614513358,
        "narHash": "sha256-LakhOx3S1dRjnh0b5Dg3mbZyH0ToC9I8Y2wKSkBaTzU=",
        "owner": "numtide",
        "repo": "flake-utils",
        "rev": "5466c5bbece17adaab2d82fae80b46e807611bf3",
        "type": "github"
      },
      "original": {
        "owner": "numtide",
        "repo": "flake-utils",
        "type": "github"
      }
    },
    "flake-utils_3": {
      "locked": {
        "lastModified": 1619345332,
        "narHash": "sha256-qHnQkEp1uklKTpx3MvKtY6xzgcqXDsz5nLilbbuL+3A=",
        "owner": "numtide",
        "repo": "flake-utils",
        "rev": "2ebf2558e5bf978c7fb8ea927dfaed8fefab2e28",
        "type": "github"
      },
      "original": {
        "owner": "numtide",
        "repo": "flake-utils",
        "type": "github"
      }
    },
    "home-manager": {
      "inputs": {
        "nixpkgs": [
          "nixpkgs"
        ]
      },
      "locked": {
        "lastModified": 1621417094,
        "narHash": "sha256-Csk4p8jFUma7FtMnjEJGTPGxCOnTbb30xr8AXwrUTMM=",
        "owner": "nix-community",
        "repo": "home-manager",
        "rev": "3d18912f5ae7c98bd5249411d98cdf3b28fe1f09",
        "type": "github"
      },
      "original": {
        "owner": "nix-community",
        "ref": "master",
        "repo": "home-manager",
        "type": "github"
      }
    },
    "nix-home": {
      "inputs": {
        "dotfiles": "dotfiles",
        "flake-utils": "flake-utils_3",
        "nixpkgs": [
          "nixpkgs"
        ],
        "nur": "nur"
      },
      "locked": {
        "lastModified": 1620731635,
        "narHash": "sha256-wH2nalbEa0SqUInh8rNNPQBQyuAGyYdTr218ESr7/Ps=",
        "owner": "houstdav000",
        "repo": "nix-home",
        "rev": "bdcefe3bdf746f3066389781120da380c89c9540",
        "type": "github"
      },
      "original": {
        "owner": "houstdav000",
        "repo": "nix-home",
        "type": "github"
      }
    },
    "nixpkgs": {
      "locked": {
        "lastModified": 1621160191,
        "narHash": "sha256-5xaEDqmmDsJnd2agtmEIrbUHSuNjTqidJPkBrmls6Ek=",
        "owner": "NixOS",
        "repo": "nixpkgs",
        "rev": "7a1fbc38a4b538450ac0d42aec8a3e513b4d723e",
        "type": "github"
      },
      "original": {
        "owner": "NixOS",
        "ref": "nixos-unstable",
        "repo": "nixpkgs",
        "type": "github"
      }
    },
    "nur": {
      "locked": {
        "lastModified": 1620684144,
        "narHash": "sha256-PKmspKlRpNWtoBxSwjjriFrPmXu2bTFH9zNLgqjZFwY=",
        "owner": "nix-community",
        "repo": "NUR",
        "rev": "08bb0f370f7303c61d951431e986850217442932",
        "type": "github"
      },
      "original": {
        "owner": "nix-community",
        "repo": "NUR",
        "type": "github"
      }
    },
    "root": {
      "inputs": {
        "flake-utils": "flake-utils",
        "home-manager": "home-manager",
        "nix-home": "nix-home",
        "nixpkgs": "nixpkgs"
      }
    }
  },
  "root": "root",
  "version": 7
}
